
Microsoft Visual Studio Solution File, Format Version 12.00
# Visual Studio 15
VisualStudioVersion = 15.0.28307.489
MinimumVisualStudioVersion = 10.0.40219.1
Project("{FAE04EC0-301F-11D3-BF4B-00C04F79EFBC}") = "PicassoForm.Android", "PicassoForm\PicassoForm.Android\PicassoForm.Android.csproj", "{131A9D98-1FE7-4CE7-BDA2-9BD98D5CF65D}"
EndProject
Project("{FAE04EC0-301F-11D3-BF4B-00C04F79EFBC}") = "PicassoForm.iOS", "PicassoForm\PicassoForm.iOS\PicassoForm.iOS.csproj", "{AF7E1FF3-C269-479F-BBAD-74B0357CB5FD}"
EndProject
Project("{FAE04EC0-301F-11D3-BF4B-00C04F79EFBC}") = "PicassoForm", "PicassoForm\PicassoForm\PicassoForm.csproj", "{580EBAAA-9E5A-4233-9637-B0CE097669BB}"
EndProject
Global
	GlobalSection(SolutionConfigurationPlatforms) = preSolution
		Ad-Hoc|Any CPU = Ad-Hoc|Any CPU
		Ad-Hoc|iPhone = Ad-Hoc|iPhone
		Ad-Hoc|iPhoneSimulator = Ad-Hoc|iPhoneSimulator
		AppStore|Any CPU = AppStore|Any CPU
		AppStore|iPhone = AppStore|iPhone
		AppStore|iPhoneSimulator = AppStore|iPhoneSimulator
		Debug|Any CPU = Debug|Any CPU
		Debug|iPhone = Debug|iPhone
		Debug|iPhoneSimulator = Debug|iPhoneSimulator
		Release|Any CPU = Release|Any CPU
		Release|iPhone = Release|iPhone
		Release|iPhoneSimulator = Release|iPhoneSimulator
	EndGlobalSection
	GlobalSection(ProjectConfigurationPlatforms) = postSolution
		{131A9D98-1FE7-4CE7-BDA2-9BD98D5CF65D}.Ad-Hoc|Any CPU.ActiveCfg = Release|Any CPU
		{131A9D98-1FE7-4CE7-BDA2-9BD98D5CF65D}.Ad-Hoc|Any CPU.Build.0 = Release|Any CPU
		{131A9D98-1FE7-4CE7-BDA2-9BD98D5CF65D}.Ad-Hoc|Any CPU.Deploy.0 = Release|Any CPU
		{131A9D98-1FE7-4CE7-BDA2-9BD98D5CF65D}.Ad-Hoc|iPhone.ActiveCfg = Release|Any CPU
		{131A9D98-1FE7-4CE7-BDA2-9BD98D5CF65D}.Ad-Hoc|iPhone.Build.0 = Release|Any CPU
		{131A9D98-1FE7-4CE7-BDA2-9BD98D5CF65D}.Ad-Hoc|iPhone.Deploy.0 = Release|Any CPU
		{131A9D98-1FE7-4CE7-BDA2-9BD98D5CF65D}.Ad-Hoc|iPhoneSimulator.ActiveCfg = Release|Any CPU
		{131A9D98-1FE7-4CE7-BDA2-9BD98D5CF65D}.Ad-Hoc|iPhoneSimulator.Build.0 = Release|Any CPU
		{131A9D98-1FE7-4CE7-BDA2-9BD98D5CF65D}.Ad-Hoc|iPhoneSimulator.Deploy.0 = Release|Any CPU
		{131A9D98-1FE7-4CE7-BDA2-9BD98D5CF65D}.AppStore|Any CPU.ActiveCfg = Release|Any CPU
		{131A9D98-1FE7-4CE7-BDA2-9BD98D5CF65D}.AppStore|Any CPU.Build.0 = Release|Any CPU
		{131A9D98-1FE7-4CE7-BDA2-9BD98D5CF65D}.AppStore|Any CPU.Deploy.0 = Release|Any CPU
		{131A9D98-1FE7-4CE7-BDA2-9BD98D5CF65D}.AppStore|iPhone.ActiveCfg = Release|Any CPU
		{131A9D98-1FE7-4CE7-BDA2-9BD98D5CF65D}.AppStore|iPhone.Build.0 = Release|Any CPU
		{131A9D98-1FE7-4CE7-BDA2-9BD98D5CF65D}.AppStore|iPhone.Deploy.0 = Release|Any CPU
		{131A9D98-1FE7-4CE7-BDA2-9BD98D5CF65D}.AppStore|iPhoneSimulator.ActiveCfg = Release|Any CPU
		{131A9D98-1FE7-4CE7-BDA2-9BD98D5CF65D}.AppStore|iPhoneSimulator.Build.0 = Release|Any CPU
		{131A9D98-1FE7-4CE7-BDA2-9BD98D5CF65D}.AppStore|iPhoneSimulator.Deploy.0 = Release|Any CPU
		{131A9D98-1FE7-4CE7-BDA2-9BD98D5CF65D}.Debug|Any CPU.ActiveCfg = Debug|Any CPU
		{131A9D98-1FE7-4CE7-BDA2-9BD98D5CF65D}.Debug|Any CPU.Build.0 = Debug|Any CPU
		{131A9D98-1FE7-4CE7-BDA2-9BD98D5CF65D}.Debug|Any CPU.Deploy.0 = Debug|Any CPU
		{131A9D98-1FE7-4CE7-BDA2-9BD98D5CF65D}.Debug|iPhone.ActiveCfg = Debug|Any CPU
		{131A9D98-1FE7-4CE7-BDA2-9BD98D5CF65D}.Debug|iPhone.Build.0 = Debug|Any CPU
		{131A9D98-1FE7-4CE7-BDA2-9BD98D5CF65D}.Debug|iPhone.Deploy.0 = Debug|Any CPU
		{131A9D98-1FE7-4CE7-BDA2-9BD98D5CF65D}.Debug|iPhoneSimulator.ActiveCfg = Debug|Any CPU
		{131A9D98-1FE7-4CE7-BDA2-9BD98D5CF65D}.Debug|iPhoneSimulator.Build.0 = Debug|Any CPU
		{131A9D98-1FE7-4CE7-BDA2-9BD98D5CF65D}.Debug|iPhoneSimulator.Deploy.0 = Debug|Any CPU
		{131A9D98-1FE7-4CE7-BDA2-9BD98D5CF65D}.Release|Any CPU.ActiveCfg = Release|Any CPU
		{131A9D98-1FE7-4CE7-BDA2-9BD98D5CF65D}.Release|Any CPU.Build.0 = Release|Any CPU
		{131A9D98-1FE7-4CE7-BDA2-9BD98D5CF65D}.Release|Any CPU.Deploy.0 = Release|Any CPU
		{131A9D98-1FE7-4CE7-BDA2-9BD98D5CF65D}.Release|iPhone.ActiveCfg = Release|Any CPU
		{131A9D98-1FE7-4CE7-BDA2-9BD98D5CF65D}.Release|iPhone.Build.0 = Release|Any CPU
		{131A9D98-1FE7-4CE7-BDA2-9BD98D5CF65D}.Release|iPhone.Deploy.0 = Release|Any CPU
		{131A9D98-1FE7-4CE7-BDA2-9BD98D5CF65D}.Release|iPhoneSimulator.ActiveCfg = Release|Any CPU
		{131A9D98-1FE7-4CE7-BDA2-9BD98D5CF65D}.Release|iPhoneSimulator.Build.0 = Release|Any CPU
		{131A9D98-1FE7-4CE7-BDA2-9BD98D5CF65D}.Release|iPhoneSimulator.Deploy.0 = Release|Any CPU
		{AF7E1FF3-C269-479F-BBAD-74B0357CB5FD}.Ad-Hoc|Any CPU.ActiveCfg = Ad-Hoc|iPhone
		{AF7E1FF3-C269-479F-BBAD-74B0357CB5FD}.Ad-Hoc|Any CPU.Build.0 = Ad-Hoc|iPhone
		{AF7E1FF3-C269-479F-BBAD-74B0357CB5FD}.Ad-Hoc|Any CPU.Deploy.0 = Ad-Hoc|iPhone
		{AF7E1FF3-C269-479F-BBAD-74B0357CB5FD}.Ad-Hoc|iPhone.ActiveCfg = Ad-Hoc|iPhone
		{AF7E1FF3-C269-479F-BBAD-74B0357CB5FD}.Ad-Hoc|iPhone.Build.0 = Ad-Hoc|iPhone
		{AF7E1FF3-C269-479F-BBAD-74B0357CB5FD}.Ad-Hoc|iPhone.Deploy.0 = Ad-Hoc|iPhone
		{AF7E1FF3-C269-479F-BBAD-74B0357CB5FD}.Ad-Hoc|iPhoneSimulator.ActiveCfg = Ad-Hoc|iPhoneSimulator
		{AF7E1FF3-C269-479F-BBAD-74B0357CB5FD}.Ad-Hoc|iPhoneSimulator.Build.0 = Ad-Hoc|iPhoneSimulator
		{AF7E1FF3-C269-479F-BBAD-74B0357CB5FD}.Ad-Hoc|iPhoneSimulator.Deploy.0 = Ad-Hoc|iPhoneSimulator
		{AF7E1FF3-C269-479F-BBAD-74B0357CB5FD}.AppStore|Any CPU.ActiveCfg = AppStore|iPhone
		{AF7E1FF3-C269-479F-BBAD-74B0357CB5FD}.AppStore|Any CPU.Build.0 = AppStore|iPhone
		{AF7E1FF3-C269-479F-BBAD-74B0357CB5FD}.AppStore|Any CPU.Deploy.0 = AppStore|iPhone
		{AF7E1FF3-C269-479F-BBAD-74B0357CB5FD}.AppStore|iPhone.ActiveCfg = AppStore|iPhone
		{AF7E1FF3-C269-479F-BBAD-74B0357CB5FD}.AppStore|iPhone.Build.0 = AppStore|iPhone
		{AF7E1FF3-C269-479F-BBAD-74B0357CB5FD}.AppStore|iPhone.Deploy.0 = AppStore|iPhone
		{AF7E1FF3-C269-479F-BBAD-74B0357CB5FD}.AppStore|iPhoneSimulator.ActiveCfg = AppStore|iPhoneSimulator
		{AF7E1FF3-C269-479F-BBAD-74B0357CB5FD}.AppStore|iPhoneSimulator.Build.0 = AppStore|iPhoneSimulator
		{AF7E1FF3-C269-479F-BBAD-74B0357CB5FD}.AppStore|iPhoneSimulator.Deploy.0 = AppStore|iPhoneSimulator
		{AF7E1FF3-C269-479F-BBAD-74B0357CB5FD}.Debug|Any CPU.ActiveCfg = Debug|iPhoneSimulator
		{AF7E1FF3-C269-479F-BBAD-74B0357CB5FD}.Debug|Any CPU.Build.0 = Debug|iPhoneSimulator
		{AF7E1FF3-C269-479F-BBAD-74B0357CB5FD}.Debug|Any CPU.Deploy.0 = Debug|iPhoneSimulator
		{AF7E1FF3-C269-479F-BBAD-74B0357CB5FD}.Debug|iPhone.ActiveCfg = Debug|iPhone
		{AF7E1FF3-C269-479F-BBAD-74B0357CB5FD}.Debug|iPhone.Build.0 = Debug|iPhone
		{AF7E1FF3-C269-479F-BBAD-74B0357CB5FD}.Debug|iPhone.Deploy.0 = Debug|iPhone
		{AF7E1FF3-C269-479F-BBAD-74B0357CB5FD}.Debug|iPhoneSimulator.ActiveCfg = Debug|iPhoneSimulator
		{AF7E1FF3-C269-479F-BBAD-74B0357CB5FD}.Debug|iPhoneSimulator.Build.0 = Debug|iPhoneSimulator
		{AF7E1FF3-C269-479F-BBAD-74B0357CB5FD}.Debug|iPhoneSimulator.Deploy.0 = Debug|iPhoneSimulator
		{AF7E1FF3-C269-479F-BBAD-74B0357CB5FD}.Release|Any CPU.ActiveCfg = Release|iPhone
		{AF7E1FF3-C269-479F-BBAD-74B0357CB5FD}.Release|Any CPU.Build.0 = Release|iPhone
		{AF7E1FF3-C269-479F-BBAD-74B0357CB5FD}.Release|Any CPU.Deploy.0 = Release|iPhone
		{AF7E1FF3-C269-479F-BBAD-74B0357CB5FD}.Release|iPhone.ActiveCfg = Release|iPhone
		{AF7E1FF3-C269-479F-BBAD-74B0357CB5FD}.Release|iPhone.Build.0 = Release|iPhone
		{AF7E1FF3-C269-479F-BBAD-74B0357CB5FD}.Release|iPhone.Deploy.0 = Release|iPhone
		{AF7E1FF3-C269-479F-BBAD-74B0357CB5FD}.Release|iPhoneSimulator.ActiveCfg = Release|iPhoneSimulator
		{AF7E1FF3-C269-479F-BBAD-74B0357CB5FD}.Release|iPhoneSimulator.Build.0 = Release|iPhoneSimulator
		{AF7E1FF3-C269-479F-BBAD-74B0357CB5FD}.Release|iPhoneSimulator.Deploy.0 = Release|iPhoneSimulator
		{580EBAAA-9E5A-4233-9637-B0CE097669BB}.Ad-Hoc|Any CPU.ActiveCfg = Debug|Any CPU
		{580EBAAA-9E5A-4233-9637-B0CE097669BB}.Ad-Hoc|Any CPU.Build.0 = Debug|Any CPU
		{580EBAAA-9E5A-4233-9637-B0CE097669BB}.Ad-Hoc|Any CPU.Deploy.0 = Debug|Any CPU
		{580EBAAA-9E5A-4233-9637-B0CE097669BB}.Ad-Hoc|iPhone.ActiveCfg = Debug|Any CPU
		{580EBAAA-9E5A-4233-9637-B0CE097669BB}.Ad-Hoc|iPhone.Build.0 = Debug|Any CPU
		{580EBAAA-9E5A-4233-9637-B0CE097669BB}.Ad-Hoc|iPhone.Deploy.0 = Debug|Any CPU
		{580EBAAA-9E5A-4233-9637-B0CE097669BB}.Ad-Hoc|iPhoneSimulator.ActiveCfg = Debug|Any CPU
		{580EBAAA-9E5A-4233-9637-B0CE097669BB}.Ad-Hoc|iPhoneSimulator.Build.0 = Debug|Any CPU
		{580EBAAA-9E5A-4233-9637-B0CE097669BB}.Ad-Hoc|iPhoneSimulator.Deploy.0 = Debug|Any CPU
		{580EBAAA-9E5A-4233-9637-B0CE097669BB}.AppStore|Any CPU.ActiveCfg = Debug|Any CPU
		{580EBAAA-9E5A-4233-9637-B0CE097669BB}.AppStore|Any CPU.Build.0 = Debug|Any CPU
		{580EBAAA-9E5A-4233-9637-B0CE097669BB}.AppStore|Any CPU.Deploy.0 = Debug|Any CPU
		{580EBAAA-9E5A-4233-9637-B0CE097669BB}.AppStore|iPhone.ActiveCfg = Debug|Any CPU
		{580EBAAA-9E5A-4233-9637-B0CE097669BB}.AppStore|iPhone.Build.0 = Debug|Any CPU
		{580EBAAA-9E5A-4233-9637-B0CE097669BB}.AppStore|iPhone.Deploy.0 = Debug|Any CPU
		{580EBAAA-9E5A-4233-9637-B0CE097669BB}.AppStore|iPhoneSimulator.ActiveCfg = Debug|Any CPU
		{580EBAAA-9E5A-4233-9637-B0CE097669BB}.AppStore|iPhoneSimulator.Build.0 = Debug|Any CPU
		{580EBAAA-9E5A-4233-9637-B0CE097669BB}.AppStore|iPhoneSimulator.Deploy.0 = Debug|Any CPU
		{580EBAAA-9E5A-4233-9637-B0CE097669BB}.Debug|Any CPU.ActiveCfg = Debug|Any CPU
		{580EBAAA-9E5A-4233-9637-B0CE097669BB}.Debug|Any CPU.Build.0 = Debug|Any CPU
		{580EBAAA-9E5A-4233-9637-B0CE097669BB}.Debug|Any CPU.Deploy.0 = Debug|Any CPU
		{580EBAAA-9E5A-4233-9637-B0CE097669BB}.Debug|iPhone.ActiveCfg = Debug|Any CPU
		{580EBAAA-9E5A-4233-9637-B0CE097669BB}.Debug|iPhone.Build.0 = Debug|Any CPU
		{580EBAAA-9E5A-4233-9637-B0CE097669BB}.Debug|iPhone.Deploy.0 = Debug|Any CPU
		{580EBAAA-9E5A-4233-9637-B0CE097669BB}.Debug|iPhoneSimulator.ActiveCfg = Debug|Any CPU
		{580EBAAA-9E5A-4233-9637-B0CE097669BB}.Debug|iPhoneSimulator.Build.0 = Debug|Any CPU
		{580EBAAA-9E5A-4233-9637-B0CE097669BB}.Debug|iPhoneSimulator.Deploy.0 = Debug|Any CPU
		{580EBAAA-9E5A-4233-9637-B0CE097669BB}.Release|Any CPU.ActiveCfg = Release|Any CPU
		{580EBAAA-9E5A-4233-9637-B0CE097669BB}.Release|Any CPU.Build.0 = Release|Any CPU
		{580EBAAA-9E5A-4233-9637-B0CE097669BB}.Release|Any CPU.Deploy.0 = Release|Any CPU
		{580EBAAA-9E5A-4233-9637-B0CE097669BB}.Release|iPhone.ActiveCfg = Release|Any CPU
		{580EBAAA-9E5A-4233-9637-B0CE097669BB}.Release|iPhone.Build.0 = Release|Any CPU
		{580EBAAA-9E5A-4233-9637-B0CE097669BB}.Release|iPhone.Deploy.0 = Release|Any CPU
		{580EBAAA-9E5A-4233-9637-B0CE097669BB}.Release|iPhoneSimulator.ActiveCfg = Release|Any CPU
		{580EBAAA-9E5A-4233-9637-B0CE097669BB}.Release|iPhoneSimulator.Build.0 = Release|Any CPU
		{580EBAAA-9E5A-4233-9637-B0CE097669BB}.Release|iPhoneSimulator.Deploy.0 = Release|Any CPU
	EndGlobalSection
	GlobalSection(SolutionProperties) = preSolution
		HideSolutionNode = FALSE
	EndGlobalSection
	GlobalSection(ExtensibilityGlobals) = postSolution
		SolutionGuid = {AFC6908B-6217-43B2-A6BD-715863563969}
	EndGlobalSection
EndGlobal
